
Microsoft Visual Studio Solution File, Format Version 12.00
# Visual Studio Version 17
VisualStudioVersion = 17.5.002.0
MinimumVisualStudioVersion = 10.0.40219.1
Project("{2150E333-8FDC-42A3-9474-1A3956D46DE8}") = ".THI", ".THI", "{56BD4A87-07DE-46CC-B4C3-211C33F7AA17}"
EndProject
Project("{9A19103F-16F7-4668-BE54-9A1E7A4F7556}") = "GiuaKy", ".THI\GiuaKy\GiuaKy.csproj", "{ECBA89BB-4511-408D-80B5-CC9D367CB3E6}"
EndProject
Project("{9A19103F-16F7-4668-BE54-9A1E7A4F7556}") = "gk", ".THI\gk\gk.csproj", "{0C1375A5-C518-4CF6-A34B-A5A79966A3BA}"
EndProject
Project("{2150E333-8FDC-42A3-9474-1A3956D46DE8}") = "BTChuong1", "BTChuong1", "{4ADA74D0-64B9-4B4E-9AC7-C2A5C52D84CA}"
EndProject
Project("{9A19103F-16F7-4668-BE54-9A1E7A4F7556}") = "bai1_1", "BTChuong1\bai1_1\bai1_1.csproj", "{8E3B4714-E223-4B9B-A7A5-B9C5F3DD6713}"
EndProject
Project("{9A19103F-16F7-4668-BE54-9A1E7A4F7556}") = "bai1_2", "BTChuong1\bai1_2\bai1_2.csproj", "{E986C21D-9321-4A47-A3C6-1A6AECC469D1}"
EndProject
Project("{9A19103F-16F7-4668-BE54-9A1E7A4F7556}") = "bai1_3", "BTChuong1\bai1_3\bai1_3.csproj", "{4350DE41-957D-4583-950E-E0077BF1E962}"
EndProject
Project("{9A19103F-16F7-4668-BE54-9A1E7A4F7556}") = "bai1_4", "BTChuong1\bai1_4\bai1_4.csproj", "{28437A87-EB2E-4270-A2BD-52D7625DBD1D}"
EndProject
Project("{2150E333-8FDC-42A3-9474-1A3956D46DE8}") = "BTChuong3", "BTChuong3", "{EA4A01FC-834C-4C23-8C22-2283AA7F85EA}"
EndProject
Project("{9A19103F-16F7-4668-BE54-9A1E7A4F7556}") = "bai3_1", "BTChuong3\bai3_1\bai3_1.csproj", "{DEB274AD-A787-4C79-BFB3-6B7927A37FFA}"
EndProject
Project("{9A19103F-16F7-4668-BE54-9A1E7A4F7556}") = "bai3_2", "BTChuong3\bai3_2\bai3_2.csproj", "{A872F730-1E22-4421-85C5-558CE1E7CFC7}"
EndProject
Project("{9A19103F-16F7-4668-BE54-9A1E7A4F7556}") = "bai3_3", "BTChuong3\bai3_3\bai3_3.csproj", "{8D2D243F-60BF-422E-81BD-8480FC8DDAB5}"
EndProject
Project("{9A19103F-16F7-4668-BE54-9A1E7A4F7556}") = "bai3_4", "BTChuong3\bai3_4\bai3_4.csproj", "{94B3A433-600D-4AC4-9D57-B145E65AFC22}"
EndProject
Project("{2150E333-8FDC-42A3-9474-1A3956D46DE8}") = "BTChuong4", "BTChuong4", "{D47CF247-AF77-4E04-944B-A5D78948BA74}"
EndProject
Project("{9A19103F-16F7-4668-BE54-9A1E7A4F7556}") = "bai4_1", "BTChuong4\bai4_1\bai4_1.csproj", "{F6B4AA7F-7618-4412-B3F1-B003A9D45848}"
EndProject
Project("{9A19103F-16F7-4668-BE54-9A1E7A4F7556}") = "bai4_2", "BTChuong4\bai4_2\bai4_2.csproj", "{EC72F392-09EF-4AED-9F0E-1B9F0B91A37A}"
EndProject
Project("{9A19103F-16F7-4668-BE54-9A1E7A4F7556}") = "bai4_3", "BTChuong4\bai4_3\bai4_3.csproj", "{78B5D76F-9D6B-4C4F-86C2-701E453B0B32}"
EndProject
Project("{9A19103F-16F7-4668-BE54-9A1E7A4F7556}") = "bai4_4", "BTChuong4\bai4_4\bai4_4.csproj", "{C29070AB-E7AA-49FA-A842-313C738C1559}"
EndProject
Project("{9A19103F-16F7-4668-BE54-9A1E7A4F7556}") = "bai4_5", "BTChuong4\bai4_5\bai4_5.csproj", "{9C00112A-B586-4E71-AC4E-E0358D39B83A}"
EndProject
Project("{2150E333-8FDC-42A3-9474-1A3956D46DE8}") = "BTChuong5", "BTChuong5", "{9A8521CC-9DB3-4FAE-8612-26AB24179104}"
EndProject
Project("{9A19103F-16F7-4668-BE54-9A1E7A4F7556}") = "bai5_1", "BTChuong5\bai5_1\bai5_1.csproj", "{E26C07CB-263B-4AEC-8878-318A3CB37CE7}"
EndProject
Project("{9A19103F-16F7-4668-BE54-9A1E7A4F7556}") = "bai5_2a", "BTChuong5\bai5_2a\bai5_2a.csproj", "{C54DE38D-E8D8-4057-B575-5742ABC897EA}"
EndProject
Project("{9A19103F-16F7-4668-BE54-9A1E7A4F7556}") = "bai5_2b", "BTChuong5\bai5_2b\bai5_2b.csproj", "{D003DAA1-84C2-412D-AB88-9A43FCF9D614}"
EndProject
Project("{2150E333-8FDC-42A3-9474-1A3956D46DE8}") = "BTChuong6", "BTChuong6", "{BDADD6E0-A6ED-41F4-A055-21C17DEF4B99}"
EndProject
Project("{9A19103F-16F7-4668-BE54-9A1E7A4F7556}") = "bai6_1", "BTChuong6\bai6_1\bai6_1.csproj", "{3BAE00DF-DA11-4CB0-93B7-EF86C6C7978C}"
EndProject
Project("{9A19103F-16F7-4668-BE54-9A1E7A4F7556}") = "bai6_2", "BTChuong6\bai6_2\bai6_2.csproj", "{DB116FEB-8646-43D7-86E7-29BF94A312AE}"
EndProject
Project("{9A19103F-16F7-4668-BE54-9A1E7A4F7556}") = "bai6_3", "BTChuong6\bai6_3\bai6_3.csproj", "{6CB0950E-4504-4BB3-A418-755F1B06E796}"
EndProject
Project("{9A19103F-16F7-4668-BE54-9A1E7A4F7556}") = "bai6_4", "BTChuong6\bai6_4\bai6_4.csproj", "{66EE32D9-4F53-4AF6-A130-2E0C204FC38D}"
EndProject
Project("{2150E333-8FDC-42A3-9474-1A3956D46DE8}") = "BTTL1_2", "BTTL1_2", "{2238AB98-869E-49B8-9EA1-A280FBBAA1BB}"
EndProject
Project("{9A19103F-16F7-4668-BE54-9A1E7A4F7556}") = "b1_1", "BTTL1_2\b1_1\b1_1.csproj", "{96D0E2DE-6CBA-45D8-803E-6A0685730D59}"
EndProject
Project("{9A19103F-16F7-4668-BE54-9A1E7A4F7556}") = "b1_2", "BTTL1_2\b1_2\b1_2.csproj", "{129E7E30-EB2E-4EC4-81D1-20AEB8F2F888}"
EndProject
Project("{9A19103F-16F7-4668-BE54-9A1E7A4F7556}") = "b1_3", "BTTL1_2\b1_3\b1_3.csproj", "{2E950AEE-8570-4B7F-8AFA-6A1B03DCBC75}"
EndProject
Project("{9A19103F-16F7-4668-BE54-9A1E7A4F7556}") = "b1_4", "BTTL1_2\b1_4\b1_4.csproj", "{DC44AC10-7EBC-4B30-8EC7-7BFA6B5FC56E}"
EndProject
Project("{9A19103F-16F7-4668-BE54-9A1E7A4F7556}") = "b1_5", "BTTL1_2\b1_5\b1_5.csproj", "{414B5ADB-3C7F-4EE1-B46A-49418093B8BE}"
EndProject
Project("{9A19103F-16F7-4668-BE54-9A1E7A4F7556}") = "b1_6", "BTTL1_2\b1_6\b1_6.csproj", "{312B0795-D095-45F7-B18B-7EF5249A93DB}"
EndProject
Project("{2150E333-8FDC-42A3-9474-1A3956D46DE8}") = "BTTL4", "BTTL4", "{7D3662B0-4BD3-41CC-8882-7C4FC63E1C94}"
EndProject
Project("{9A19103F-16F7-4668-BE54-9A1E7A4F7556}") = "b4_1", "BTTL4\b4_1\b4_1.csproj", "{EECA4495-219F-4800-A855-49768DC1D8A0}"
EndProject
Project("{2150E333-8FDC-42A3-9474-1A3956D46DE8}") = "BTTL5_6", "BTTL5_6", "{97C883FA-A548-4FFD-8DFF-28884D81365C}"
EndProject
Project("{9A19103F-16F7-4668-BE54-9A1E7A4F7556}") = "b5_1", "BTTL5_6\b5_1\b5_1.csproj", "{48E62B40-3E26-4C58-BCE0-C6754BCB8EB2}"
EndProject
Project("{9A19103F-16F7-4668-BE54-9A1E7A4F7556}") = "b5_2", "BTTL5_6\b5_2\b5_2.csproj", "{E8D3D7F8-A9A5-4109-8BE7-85EF3CC8C020}"
EndProject
Project("{2150E333-8FDC-42A3-9474-1A3956D46DE8}") = "OnTap", "OnTap", "{213B57C1-8165-4B98-B787-C141E942ED14}"
EndProject
Project("{9A19103F-16F7-4668-BE54-9A1E7A4F7556}") = "vd", "OnTap\vd\vd.csproj", "{8122D9BA-F011-489A-BAEF-E69C2A7C4F07}"
EndProject
Project("{9A19103F-16F7-4668-BE54-9A1E7A4F7556}") = "vd1", "OnTap\vd1\vd1.csproj", "{C84DDE02-C1D8-491F-BD10-98909E52CC1D}"
EndProject
Project("{9A19103F-16F7-4668-BE54-9A1E7A4F7556}") = "vd2", "OnTap\vd2\vd2.csproj", "{6078B9A6-213F-42CE-B050-BDB492B7A2E2}"
EndProject
Project("{9A19103F-16F7-4668-BE54-9A1E7A4F7556}") = "vd3", "OnTap\vd3\vd3.csproj", "{6A564A0B-7DAD-4259-B5C7-F30ED9E0D808}"
EndProject
Project("{2150E333-8FDC-42A3-9474-1A3956D46DE8}") = "ONTAPCK", "ONTAPCK", "{DC70D537-E0EA-437A-B3EF-7572273DE784}"
EndProject
Project("{9A19103F-16F7-4668-BE54-9A1E7A4F7556}") = "ontap1", "ONTAPCK\ontap1\ontap1.csproj", "{FA1607BF-8624-4BDC-B8B9-F5D1310EEC5A}"
EndProject
Project("{9A19103F-16F7-4668-BE54-9A1E7A4F7556}") = "ontap2", "ONTAPCK\ontap2\ontap2.csproj", "{61E6FC1B-A85F-40CC-ABFD-A08EE560FA1D}"
EndProject
Project("{9A19103F-16F7-4668-BE54-9A1E7A4F7556}") = "ontap3", "ONTAPCK\ontap3\ontap3.csproj", "{D33D4939-1E23-4BA8-B8D5-05DA763C9956}"
EndProject
Project("{9A19103F-16F7-4668-BE54-9A1E7A4F7556}") = "ontap4", "ONTAPCK\ontap4\ontap4.csproj", "{825E6C2C-1D51-423E-9257-463BC3CF6B60}"
EndProject
Project("{2150E333-8FDC-42A3-9474-1A3956D46DE8}") = "gk (1)", "gk", "{13B7E0AD-7F45-44BB-BD91-D715B91F4B7B}"
EndProject
Project("{9A19103F-16F7-4668-BE54-9A1E7A4F7556}") = "GK", ".THI\gk\GK\GK.csproj", "{1F80CECA-83EC-4131-981D-33E70FF2B9C3}"
EndProject
Global
	GlobalSection(SolutionConfigurationPlatforms) = preSolution
		Debug|Any CPU = Debug|Any CPU
		Release|Any CPU = Release|Any CPU
	EndGlobalSection
	GlobalSection(ProjectConfigurationPlatforms) = postSolution
		{ECBA89BB-4511-408D-80B5-CC9D367CB3E6}.Debug|Any CPU.ActiveCfg = Debug|Any CPU
		{ECBA89BB-4511-408D-80B5-CC9D367CB3E6}.Debug|Any CPU.Build.0 = Debug|Any CPU
		{ECBA89BB-4511-408D-80B5-CC9D367CB3E6}.Release|Any CPU.ActiveCfg = Release|Any CPU
		{ECBA89BB-4511-408D-80B5-CC9D367CB3E6}.Release|Any CPU.Build.0 = Release|Any CPU
		{0C1375A5-C518-4CF6-A34B-A5A79966A3BA}.Debug|Any CPU.ActiveCfg = Debug|Any CPU
		{0C1375A5-C518-4CF6-A34B-A5A79966A3BA}.Debug|Any CPU.Build.0 = Debug|Any CPU
		{0C1375A5-C518-4CF6-A34B-A5A79966A3BA}.Release|Any CPU.ActiveCfg = Release|Any CPU
		{0C1375A5-C518-4CF6-A34B-A5A79966A3BA}.Release|Any CPU.Build.0 = Release|Any CPU
		{8E3B4714-E223-4B9B-A7A5-B9C5F3DD6713}.Debug|Any CPU.ActiveCfg = Debug|Any CPU
		{8E3B4714-E223-4B9B-A7A5-B9C5F3DD6713}.Debug|Any CPU.Build.0 = Debug|Any CPU
		{8E3B4714-E223-4B9B-A7A5-B9C5F3DD6713}.Release|Any CPU.ActiveCfg = Release|Any CPU
		{8E3B4714-E223-4B9B-A7A5-B9C5F3DD6713}.Release|Any CPU.Build.0 = Release|Any CPU
		{E986C21D-9321-4A47-A3C6-1A6AECC469D1}.Debug|Any CPU.ActiveCfg = Debug|Any CPU
		{E986C21D-9321-4A47-A3C6-1A6AECC469D1}.Debug|Any CPU.Build.0 = Debug|Any CPU
		{E986C21D-9321-4A47-A3C6-1A6AECC469D1}.Release|Any CPU.ActiveCfg = Release|Any CPU
		{E986C21D-9321-4A47-A3C6-1A6AECC469D1}.Release|Any CPU.Build.0 = Release|Any CPU
		{4350DE41-957D-4583-950E-E0077BF1E962}.Debug|Any CPU.ActiveCfg = Debug|Any CPU
		{4350DE41-957D-4583-950E-E0077BF1E962}.Debug|Any CPU.Build.0 = Debug|Any CPU
		{4350DE41-957D-4583-950E-E0077BF1E962}.Release|Any CPU.ActiveCfg = Release|Any CPU
		{4350DE41-957D-4583-950E-E0077BF1E962}.Release|Any CPU.Build.0 = Release|Any CPU
		{28437A87-EB2E-4270-A2BD-52D7625DBD1D}.Debug|Any CPU.ActiveCfg = Debug|Any CPU
		{28437A87-EB2E-4270-A2BD-52D7625DBD1D}.Debug|Any CPU.Build.0 = Debug|Any CPU
		{28437A87-EB2E-4270-A2BD-52D7625DBD1D}.Release|Any CPU.ActiveCfg = Release|Any CPU
		{28437A87-EB2E-4270-A2BD-52D7625DBD1D}.Release|Any CPU.Build.0 = Release|Any CPU
		{DEB274AD-A787-4C79-BFB3-6B7927A37FFA}.Debug|Any CPU.ActiveCfg = Debug|Any CPU
		{DEB274AD-A787-4C79-BFB3-6B7927A37FFA}.Debug|Any CPU.Build.0 = Debug|Any CPU
		{DEB274AD-A787-4C79-BFB3-6B7927A37FFA}.Release|Any CPU.ActiveCfg = Release|Any CPU
		{DEB274AD-A787-4C79-BFB3-6B7927A37FFA}.Release|Any CPU.Build.0 = Release|Any CPU
		{A872F730-1E22-4421-85C5-558CE1E7CFC7}.Debug|Any CPU.ActiveCfg = Debug|Any CPU
		{A872F730-1E22-4421-85C5-558CE1E7CFC7}.Debug|Any CPU.Build.0 = Debug|Any CPU
		{A872F730-1E22-4421-85C5-558CE1E7CFC7}.Release|Any CPU.ActiveCfg = Release|Any CPU
		{A872F730-1E22-4421-85C5-558CE1E7CFC7}.Release|Any CPU.Build.0 = Release|Any CPU
		{8D2D243F-60BF-422E-81BD-8480FC8DDAB5}.Debug|Any CPU.ActiveCfg = Debug|Any CPU
		{8D2D243F-60BF-422E-81BD-8480FC8DDAB5}.Debug|Any CPU.Build.0 = Debug|Any CPU
		{8D2D243F-60BF-422E-81BD-8480FC8DDAB5}.Release|Any CPU.ActiveCfg = Release|Any CPU
		{8D2D243F-60BF-422E-81BD-8480FC8DDAB5}.Release|Any CPU.Build.0 = Release|Any CPU
		{94B3A433-600D-4AC4-9D57-B145E65AFC22}.Debug|Any CPU.ActiveCfg = Debug|Any CPU
		{94B3A433-600D-4AC4-9D57-B145E65AFC22}.Debug|Any CPU.Build.0 = Debug|Any CPU
		{94B3A433-600D-4AC4-9D57-B145E65AFC22}.Release|Any CPU.ActiveCfg = Release|Any CPU
		{94B3A433-600D-4AC4-9D57-B145E65AFC22}.Release|Any CPU.Build.0 = Release|Any CPU
		{F6B4AA7F-7618-4412-B3F1-B003A9D45848}.Debug|Any CPU.ActiveCfg = Debug|Any CPU
		{F6B4AA7F-7618-4412-B3F1-B003A9D45848}.Debug|Any CPU.Build.0 = Debug|Any CPU
		{F6B4AA7F-7618-4412-B3F1-B003A9D45848}.Release|Any CPU.ActiveCfg = Release|Any CPU
		{F6B4AA7F-7618-4412-B3F1-B003A9D45848}.Release|Any CPU.Build.0 = Release|Any CPU
		{EC72F392-09EF-4AED-9F0E-1B9F0B91A37A}.Debug|Any CPU.ActiveCfg = Debug|Any CPU
		{EC72F392-09EF-4AED-9F0E-1B9F0B91A37A}.Debug|Any CPU.Build.0 = Debug|Any CPU
		{EC72F392-09EF-4AED-9F0E-1B9F0B91A37A}.Release|Any CPU.ActiveCfg = Release|Any CPU
		{EC72F392-09EF-4AED-9F0E-1B9F0B91A37A}.Release|Any CPU.Build.0 = Release|Any CPU
		{78B5D76F-9D6B-4C4F-86C2-701E453B0B32}.Debug|Any CPU.ActiveCfg = Debug|Any CPU
		{78B5D76F-9D6B-4C4F-86C2-701E453B0B32}.Debug|Any CPU.Build.0 = Debug|Any CPU
		{78B5D76F-9D6B-4C4F-86C2-701E453B0B32}.Release|Any CPU.ActiveCfg = Release|Any CPU
		{78B5D76F-9D6B-4C4F-86C2-701E453B0B32}.Release|Any CPU.Build.0 = Release|Any CPU
		{C29070AB-E7AA-49FA-A842-313C738C1559}.Debug|Any CPU.ActiveCfg = Debug|Any CPU
		{C29070AB-E7AA-49FA-A842-313C738C1559}.Debug|Any CPU.Build.0 = Debug|Any CPU
		{C29070AB-E7AA-49FA-A842-313C738C1559}.Release|Any CPU.ActiveCfg = Release|Any CPU
		{C29070AB-E7AA-49FA-A842-313C738C1559}.Release|Any CPU.Build.0 = Release|Any CPU
		{9C00112A-B586-4E71-AC4E-E0358D39B83A}.Debug|Any CPU.ActiveCfg = Debug|Any CPU
		{9C00112A-B586-4E71-AC4E-E0358D39B83A}.Debug|Any CPU.Build.0 = Debug|Any CPU
		{9C00112A-B586-4E71-AC4E-E0358D39B83A}.Release|Any CPU.ActiveCfg = Release|Any CPU
		{9C00112A-B586-4E71-AC4E-E0358D39B83A}.Release|Any CPU.Build.0 = Release|Any CPU
		{E26C07CB-263B-4AEC-8878-318A3CB37CE7}.Debug|Any CPU.ActiveCfg = Debug|Any CPU
		{E26C07CB-263B-4AEC-8878-318A3CB37CE7}.Debug|Any CPU.Build.0 = Debug|Any CPU
		{E26C07CB-263B-4AEC-8878-318A3CB37CE7}.Release|Any CPU.ActiveCfg = Release|Any CPU
		{E26C07CB-263B-4AEC-8878-318A3CB37CE7}.Release|Any CPU.Build.0 = Release|Any CPU
		{C54DE38D-E8D8-4057-B575-5742ABC897EA}.Debug|Any CPU.ActiveCfg = Debug|Any CPU
		{C54DE38D-E8D8-4057-B575-5742ABC897EA}.Debug|Any CPU.Build.0 = Debug|Any CPU
		{C54DE38D-E8D8-4057-B575-5742ABC897EA}.Release|Any CPU.ActiveCfg = Release|Any CPU
		{C54DE38D-E8D8-4057-B575-5742ABC897EA}.Release|Any CPU.Build.0 = Release|Any CPU
		{D003DAA1-84C2-412D-AB88-9A43FCF9D614}.Debug|Any CPU.ActiveCfg = Debug|Any CPU
		{D003DAA1-84C2-412D-AB88-9A43FCF9D614}.Debug|Any CPU.Build.0 = Debug|Any CPU
		{D003DAA1-84C2-412D-AB88-9A43FCF9D614}.Release|Any CPU.ActiveCfg = Release|Any CPU
		{D003DAA1-84C2-412D-AB88-9A43FCF9D614}.Release|Any CPU.Build.0 = Release|Any CPU
		{3BAE00DF-DA11-4CB0-93B7-EF86C6C7978C}.Debug|Any CPU.ActiveCfg = Debug|Any CPU
		{3BAE00DF-DA11-4CB0-93B7-EF86C6C7978C}.Debug|Any CPU.Build.0 = Debug|Any CPU
		{3BAE00DF-DA11-4CB0-93B7-EF86C6C7978C}.Release|Any CPU.ActiveCfg = Release|Any CPU
		{3BAE00DF-DA11-4CB0-93B7-EF86C6C7978C}.Release|Any CPU.Build.0 = Release|Any CPU
		{DB116FEB-8646-43D7-86E7-29BF94A312AE}.Debug|Any CPU.ActiveCfg = Debug|Any CPU
		{DB116FEB-8646-43D7-86E7-29BF94A312AE}.Debug|Any CPU.Build.0 = Debug|Any CPU
		{DB116FEB-8646-43D7-86E7-29BF94A312AE}.Release|Any CPU.ActiveCfg = Release|Any CPU
		{DB116FEB-8646-43D7-86E7-29BF94A312AE}.Release|Any CPU.Build.0 = Release|Any CPU
		{6CB0950E-4504-4BB3-A418-755F1B06E796}.Debug|Any CPU.ActiveCfg = Debug|Any CPU
		{6CB0950E-4504-4BB3-A418-755F1B06E796}.Debug|Any CPU.Build.0 = Debug|Any CPU
		{6CB0950E-4504-4BB3-A418-755F1B06E796}.Release|Any CPU.ActiveCfg = Release|Any CPU
		{6CB0950E-4504-4BB3-A418-755F1B06E796}.Release|Any CPU.Build.0 = Release|Any CPU
		{66EE32D9-4F53-4AF6-A130-2E0C204FC38D}.Debug|Any CPU.ActiveCfg = Debug|Any CPU
		{66EE32D9-4F53-4AF6-A130-2E0C204FC38D}.Debug|Any CPU.Build.0 = Debug|Any CPU
		{66EE32D9-4F53-4AF6-A130-2E0C204FC38D}.Release|Any CPU.ActiveCfg = Release|Any CPU
		{66EE32D9-4F53-4AF6-A130-2E0C204FC38D}.Release|Any CPU.Build.0 = Release|Any CPU
		{96D0E2DE-6CBA-45D8-803E-6A0685730D59}.Debug|Any CPU.ActiveCfg = Debug|Any CPU
		{96D0E2DE-6CBA-45D8-803E-6A0685730D59}.Debug|Any CPU.Build.0 = Debug|Any CPU
		{96D0E2DE-6CBA-45D8-803E-6A0685730D59}.Release|Any CPU.ActiveCfg = Release|Any CPU
		{96D0E2DE-6CBA-45D8-803E-6A0685730D59}.Release|Any CPU.Build.0 = Release|Any CPU
		{129E7E30-EB2E-4EC4-81D1-20AEB8F2F888}.Debug|Any CPU.ActiveCfg = Debug|Any CPU
		{129E7E30-EB2E-4EC4-81D1-20AEB8F2F888}.Debug|Any CPU.Build.0 = Debug|Any CPU
		{129E7E30-EB2E-4EC4-81D1-20AEB8F2F888}.Release|Any CPU.ActiveCfg = Release|Any CPU
		{129E7E30-EB2E-4EC4-81D1-20AEB8F2F888}.Release|Any CPU.Build.0 = Release|Any CPU
		{2E950AEE-8570-4B7F-8AFA-6A1B03DCBC75}.Debug|Any CPU.ActiveCfg = Debug|Any CPU
		{2E950AEE-8570-4B7F-8AFA-6A1B03DCBC75}.Debug|Any CPU.Build.0 = Debug|Any CPU
		{2E950AEE-8570-4B7F-8AFA-6A1B03DCBC75}.Release|Any CPU.ActiveCfg = Release|Any CPU
		{2E950AEE-8570-4B7F-8AFA-6A1B03DCBC75}.Release|Any CPU.Build.0 = Release|Any CPU
		{DC44AC10-7EBC-4B30-8EC7-7BFA6B5FC56E}.Debug|Any CPU.ActiveCfg = Debug|Any CPU
		{DC44AC10-7EBC-4B30-8EC7-7BFA6B5FC56E}.Debug|Any CPU.Build.0 = Debug|Any CPU
		{DC44AC10-7EBC-4B30-8EC7-7BFA6B5FC56E}.Release|Any CPU.ActiveCfg = Release|Any CPU
		{DC44AC10-7EBC-4B30-8EC7-7BFA6B5FC56E}.Release|Any CPU.Build.0 = Release|Any CPU
		{414B5ADB-3C7F-4EE1-B46A-49418093B8BE}.Debug|Any CPU.ActiveCfg = Debug|Any CPU
		{414B5ADB-3C7F-4EE1-B46A-49418093B8BE}.Debug|Any CPU.Build.0 = Debug|Any CPU
		{414B5ADB-3C7F-4EE1-B46A-49418093B8BE}.Release|Any CPU.ActiveCfg = Release|Any CPU
		{414B5ADB-3C7F-4EE1-B46A-49418093B8BE}.Release|Any CPU.Build.0 = Release|Any CPU
		{312B0795-D095-45F7-B18B-7EF5249A93DB}.Debug|Any CPU.ActiveCfg = Debug|Any CPU
		{312B0795-D095-45F7-B18B-7EF5249A93DB}.Debug|Any CPU.Build.0 = Debug|Any CPU
		{312B0795-D095-45F7-B18B-7EF5249A93DB}.Release|Any CPU.ActiveCfg = Release|Any CPU
		{312B0795-D095-45F7-B18B-7EF5249A93DB}.Release|Any CPU.Build.0 = Release|Any CPU
		{EECA4495-219F-4800-A855-49768DC1D8A0}.Debug|Any CPU.ActiveCfg = Debug|Any CPU
		{EECA4495-219F-4800-A855-49768DC1D8A0}.Debug|Any CPU.Build.0 = Debug|Any CPU
		{EECA4495-219F-4800-A855-49768DC1D8A0}.Release|Any CPU.ActiveCfg = Release|Any CPU
		{EECA4495-219F-4800-A855-49768DC1D8A0}.Release|Any CPU.Build.0 = Release|Any CPU
		{48E62B40-3E26-4C58-BCE0-C6754BCB8EB2}.Debug|Any CPU.ActiveCfg = Debug|Any CPU
		{48E62B40-3E26-4C58-BCE0-C6754BCB8EB2}.Debug|Any CPU.Build.0 = Debug|Any CPU
		{48E62B40-3E26-4C58-BCE0-C6754BCB8EB2}.Release|Any CPU.ActiveCfg = Release|Any CPU
		{48E62B40-3E26-4C58-BCE0-C6754BCB8EB2}.Release|Any CPU.Build.0 = Release|Any CPU
		{E8D3D7F8-A9A5-4109-8BE7-85EF3CC8C020}.Debug|Any CPU.ActiveCfg = Debug|Any CPU
		{E8D3D7F8-A9A5-4109-8BE7-85EF3CC8C020}.Debug|Any CPU.Build.0 = Debug|Any CPU
		{E8D3D7F8-A9A5-4109-8BE7-85EF3CC8C020}.Release|Any CPU.ActiveCfg = Release|Any CPU
		{E8D3D7F8-A9A5-4109-8BE7-85EF3CC8C020}.Release|Any CPU.Build.0 = Release|Any CPU
		{8122D9BA-F011-489A-BAEF-E69C2A7C4F07}.Debug|Any CPU.ActiveCfg = Debug|Any CPU
		{8122D9BA-F011-489A-BAEF-E69C2A7C4F07}.Debug|Any CPU.Build.0 = Debug|Any CPU
		{8122D9BA-F011-489A-BAEF-E69C2A7C4F07}.Release|Any CPU.ActiveCfg = Release|Any CPU
		{8122D9BA-F011-489A-BAEF-E69C2A7C4F07}.Release|Any CPU.Build.0 = Release|Any CPU
		{C84DDE02-C1D8-491F-BD10-98909E52CC1D}.Debug|Any CPU.ActiveCfg = Debug|Any CPU
		{C84DDE02-C1D8-491F-BD10-98909E52CC1D}.Debug|Any CPU.Build.0 = Debug|Any CPU
		{C84DDE02-C1D8-491F-BD10-98909E52CC1D}.Release|Any CPU.ActiveCfg = Release|Any CPU
		{C84DDE02-C1D8-491F-BD10-98909E52CC1D}.Release|Any CPU.Build.0 = Release|Any CPU
		{6078B9A6-213F-42CE-B050-BDB492B7A2E2}.Debug|Any CPU.ActiveCfg = Debug|Any CPU
		{6078B9A6-213F-42CE-B050-BDB492B7A2E2}.Debug|Any CPU.Build.0 = Debug|Any CPU
		{6078B9A6-213F-42CE-B050-BDB492B7A2E2}.Release|Any CPU.ActiveCfg = Release|Any CPU
		{6078B9A6-213F-42CE-B050-BDB492B7A2E2}.Release|Any CPU.Build.0 = Release|Any CPU
		{6A564A0B-7DAD-4259-B5C7-F30ED9E0D808}.Debug|Any CPU.ActiveCfg = Debug|Any CPU
		{6A564A0B-7DAD-4259-B5C7-F30ED9E0D808}.Debug|Any CPU.Build.0 = Debug|Any CPU
		{6A564A0B-7DAD-4259-B5C7-F30ED9E0D808}.Release|Any CPU.ActiveCfg = Release|Any CPU
		{6A564A0B-7DAD-4259-B5C7-F30ED9E0D808}.Release|Any CPU.Build.0 = Release|Any CPU
		{FA1607BF-8624-4BDC-B8B9-F5D1310EEC5A}.Debug|Any CPU.ActiveCfg = Debug|Any CPU
		{FA1607BF-8624-4BDC-B8B9-F5D1310EEC5A}.Debug|Any CPU.Build.0 = Debug|Any CPU
		{FA1607BF-8624-4BDC-B8B9-F5D1310EEC5A}.Release|Any CPU.ActiveCfg = Release|Any CPU
		{FA1607BF-8624-4BDC-B8B9-F5D1310EEC5A}.Release|Any CPU.Build.0 = Release|Any CPU
		{61E6FC1B-A85F-40CC-ABFD-A08EE560FA1D}.Debug|Any CPU.ActiveCfg = Debug|Any CPU
		{61E6FC1B-A85F-40CC-ABFD-A08EE560FA1D}.Debug|Any CPU.Build.0 = Debug|Any CPU
		{61E6FC1B-A85F-40CC-ABFD-A08EE560FA1D}.Release|Any CPU.ActiveCfg = Release|Any CPU
		{61E6FC1B-A85F-40CC-ABFD-A08EE560FA1D}.Release|Any CPU.Build.0 = Release|Any CPU
		{D33D4939-1E23-4BA8-B8D5-05DA763C9956}.Debug|Any CPU.ActiveCfg = Debug|Any CPU
		{D33D4939-1E23-4BA8-B8D5-05DA763C9956}.Debug|Any CPU.Build.0 = Debug|Any CPU
		{D33D4939-1E23-4BA8-B8D5-05DA763C9956}.Release|Any CPU.ActiveCfg = Release|Any CPU
		{D33D4939-1E23-4BA8-B8D5-05DA763C9956}.Release|Any CPU.Build.0 = Release|Any CPU
		{825E6C2C-1D51-423E-9257-463BC3CF6B60}.Debug|Any CPU.ActiveCfg = Debug|Any CPU
		{825E6C2C-1D51-423E-9257-463BC3CF6B60}.Debug|Any CPU.Build.0 = Debug|Any CPU
		{825E6C2C-1D51-423E-9257-463BC3CF6B60}.Release|Any CPU.ActiveCfg = Release|Any CPU
		{825E6C2C-1D51-423E-9257-463BC3CF6B60}.Release|Any CPU.Build.0 = Release|Any CPU
		{1F80CECA-83EC-4131-981D-33E70FF2B9C3}.Debug|Any CPU.ActiveCfg = Debug|Any CPU
		{1F80CECA-83EC-4131-981D-33E70FF2B9C3}.Debug|Any CPU.Build.0 = Debug|Any CPU
		{1F80CECA-83EC-4131-981D-33E70FF2B9C3}.Release|Any CPU.ActiveCfg = Release|Any CPU
		{1F80CECA-83EC-4131-981D-33E70FF2B9C3}.Release|Any CPU.Build.0 = Release|Any CPU
	EndGlobalSection
	GlobalSection(SolutionProperties) = preSolution
		HideSolutionNode = FALSE
	EndGlobalSection
	GlobalSection(NestedProjects) = preSolution
		{ECBA89BB-4511-408D-80B5-CC9D367CB3E6} = {56BD4A87-07DE-46CC-B4C3-211C33F7AA17}
		{0C1375A5-C518-4CF6-A34B-A5A79966A3BA} = {56BD4A87-07DE-46CC-B4C3-211C33F7AA17}
		{8E3B4714-E223-4B9B-A7A5-B9C5F3DD6713} = {4ADA74D0-64B9-4B4E-9AC7-C2A5C52D84CA}
		{E986C21D-9321-4A47-A3C6-1A6AECC469D1} = {4ADA74D0-64B9-4B4E-9AC7-C2A5C52D84CA}
		{4350DE41-957D-4583-950E-E0077BF1E962} = {4ADA74D0-64B9-4B4E-9AC7-C2A5C52D84CA}
		{28437A87-EB2E-4270-A2BD-52D7625DBD1D} = {4ADA74D0-64B9-4B4E-9AC7-C2A5C52D84CA}
		{DEB274AD-A787-4C79-BFB3-6B7927A37FFA} = {EA4A01FC-834C-4C23-8C22-2283AA7F85EA}
		{A872F730-1E22-4421-85C5-558CE1E7CFC7} = {EA4A01FC-834C-4C23-8C22-2283AA7F85EA}
		{8D2D243F-60BF-422E-81BD-8480FC8DDAB5} = {EA4A01FC-834C-4C23-8C22-2283AA7F85EA}
		{94B3A433-600D-4AC4-9D57-B145E65AFC22} = {EA4A01FC-834C-4C23-8C22-2283AA7F85EA}
		{F6B4AA7F-7618-4412-B3F1-B003A9D45848} = {D47CF247-AF77-4E04-944B-A5D78948BA74}
		{EC72F392-09EF-4AED-9F0E-1B9F0B91A37A} = {D47CF247-AF77-4E04-944B-A5D78948BA74}
		{78B5D76F-9D6B-4C4F-86C2-701E453B0B32} = {D47CF247-AF77-4E04-944B-A5D78948BA74}
		{C29070AB-E7AA-49FA-A842-313C738C1559} = {D47CF247-AF77-4E04-944B-A5D78948BA74}
		{9C00112A-B586-4E71-AC4E-E0358D39B83A} = {D47CF247-AF77-4E04-944B-A5D78948BA74}
		{E26C07CB-263B-4AEC-8878-318A3CB37CE7} = {9A8521CC-9DB3-4FAE-8612-26AB24179104}
		{C54DE38D-E8D8-4057-B575-5742ABC897EA} = {9A8521CC-9DB3-4FAE-8612-26AB24179104}
		{D003DAA1-84C2-412D-AB88-9A43FCF9D614} = {9A8521CC-9DB3-4FAE-8612-26AB24179104}
		{3BAE00DF-DA11-4CB0-93B7-EF86C6C7978C} = {BDADD6E0-A6ED-41F4-A055-21C17DEF4B99}
		{DB116FEB-8646-43D7-86E7-29BF94A312AE} = {BDADD6E0-A6ED-41F4-A055-21C17DEF4B99}
		{6CB0950E-4504-4BB3-A418-755F1B06E796} = {BDADD6E0-A6ED-41F4-A055-21C17DEF4B99}
		{66EE32D9-4F53-4AF6-A130-2E0C204FC38D} = {BDADD6E0-A6ED-41F4-A055-21C17DEF4B99}
		{96D0E2DE-6CBA-45D8-803E-6A0685730D59} = {2238AB98-869E-49B8-9EA1-A280FBBAA1BB}
		{129E7E30-EB2E-4EC4-81D1-20AEB8F2F888} = {2238AB98-869E-49B8-9EA1-A280FBBAA1BB}
		{2E950AEE-8570-4B7F-8AFA-6A1B03DCBC75} = {2238AB98-869E-49B8-9EA1-A280FBBAA1BB}
		{DC44AC10-7EBC-4B30-8EC7-7BFA6B5FC56E} = {2238AB98-869E-49B8-9EA1-A280FBBAA1BB}
		{414B5ADB-3C7F-4EE1-B46A-49418093B8BE} = {2238AB98-869E-49B8-9EA1-A280FBBAA1BB}
		{312B0795-D095-45F7-B18B-7EF5249A93DB} = {2238AB98-869E-49B8-9EA1-A280FBBAA1BB}
		{EECA4495-219F-4800-A855-49768DC1D8A0} = {7D3662B0-4BD3-41CC-8882-7C4FC63E1C94}
		{48E62B40-3E26-4C58-BCE0-C6754BCB8EB2} = {97C883FA-A548-4FFD-8DFF-28884D81365C}
		{E8D3D7F8-A9A5-4109-8BE7-85EF3CC8C020} = {97C883FA-A548-4FFD-8DFF-28884D81365C}
		{8122D9BA-F011-489A-BAEF-E69C2A7C4F07} = {213B57C1-8165-4B98-B787-C141E942ED14}
		{C84DDE02-C1D8-491F-BD10-98909E52CC1D} = {213B57C1-8165-4B98-B787-C141E942ED14}
		{6078B9A6-213F-42CE-B050-BDB492B7A2E2} = {213B57C1-8165-4B98-B787-C141E942ED14}
		{6A564A0B-7DAD-4259-B5C7-F30ED9E0D808} = {213B57C1-8165-4B98-B787-C141E942ED14}
		{FA1607BF-8624-4BDC-B8B9-F5D1310EEC5A} = {DC70D537-E0EA-437A-B3EF-7572273DE784}
		{61E6FC1B-A85F-40CC-ABFD-A08EE560FA1D} = {DC70D537-E0EA-437A-B3EF-7572273DE784}
		{D33D4939-1E23-4BA8-B8D5-05DA763C9956} = {DC70D537-E0EA-437A-B3EF-7572273DE784}
		{825E6C2C-1D51-423E-9257-463BC3CF6B60} = {DC70D537-E0EA-437A-B3EF-7572273DE784}
		{13B7E0AD-7F45-44BB-BD91-D715B91F4B7B} = {56BD4A87-07DE-46CC-B4C3-211C33F7AA17}
		{1F80CECA-83EC-4131-981D-33E70FF2B9C3} = {13B7E0AD-7F45-44BB-BD91-D715B91F4B7B}
	EndGlobalSection
	GlobalSection(ExtensibilityGlobals) = postSolution
		SolutionGuid = {D10ED923-589C-4E76-9285-81403FF11CC8}
	EndGlobalSection
EndGlobal
